
Microsoft Visual Studio Solution File, Format Version 12.00
# Visual Studio Version 17
VisualStudioVersion = 17.0.31903.59
MinimumVisualStudioVersion = 10.0.40219.1
Project("{2150E333-8FDC-42A3-9474-1A3956D46DE8}") = "src", "src", "{827E0CD3-B72D-47B6-A68D-7590B98EB39B}"
EndProject
Project("{FAE04EC0-301F-11D3-BF4B-00C04F79EFBC}") = "DP.Vision", "src\DP.Vision\DP.Vision.csproj", "{E4D48F2D-15A1-45AE-827D-877DD4AD8FC5}"
EndProject
Project("{FAE04EC0-301F-11D3-BF4B-00C04F79EFBC}") = "DP.Vision.Winform", "src\DP.Vision.Winform\DP.Vision.Winform.csproj", "{63CA3BB8-B950-4831-AABC-248C8EC18D0F}"
EndProject
Project("{FAE04EC0-301F-11D3-BF4B-00C04F79EFBC}") = "DP.Vision.WPF", "src\DP.Vision.WPF\DP.Vision.WPF.csproj", "{135CAECF-B9B7-48EA-99F7-21AF31DCEF68}"
EndProject
Project("{2150E333-8FDC-42A3-9474-1A3956D46DE8}") = "tests", "tests", "{0AB3BF05-4346-4AA6-1389-037BE0695223}"
EndProject
Project("{FAE04EC0-301F-11D3-BF4B-00C04F79EFBC}") = "DP.Vision.Tests", "tests\DP.Vision.Tests\DP.Vision.Tests.csproj", "{2B790AE2-0359-419C-A7F5-5D8166AA44A0}"
EndProject
Project("{2150E333-8FDC-42A3-9474-1A3956D46DE8}") = "tools", "tools", "{07C2787E-EAC7-C090-1BA3-A61EC2A24D84}"
EndProject
Project("{FAE04EC0-301F-11D3-BF4B-00C04F79EFBC}") = "DP.Vision.Probe", "tools\DP.Vision.Probe\DP.Vision.Probe.csproj", "{FC7C9297-85CC-4947-9E97-331E3456014F}"
EndProject
Project("{2150E333-8FDC-42A3-9474-1A3956D46DE8}") = "samples", "samples", "{5D20AA90-6969-D8BD-9DCD-8634F4692FDA}"
EndProject
Project("{FAE04EC0-301F-11D3-BF4B-00C04F79EFBC}") = "DP.Vision.Demo", "samples\DP.Vision.Demo\DP.Vision.Demo.csproj", "{1DA9D0AE-C08B-4FFC-9D7F-40AE285789C6}"
EndProject
Project("{FAE04EC0-301F-11D3-BF4B-00C04F79EFBC}") = "DP.Vision.Algorithms", "src\DP.Vision.Algorithms\DP.Vision.Algorithms.csproj", "{5EEA514D-6D58-40DC-9150-3AF5E01E4DC6}"
EndProject
Project("{FAE04EC0-301F-11D3-BF4B-00C04F79EFBC}") = "DP.Vision.OpenCv", "src\DP.Vision.OpenCv\DP.Vision.OpenCv.csproj", "{9F2DB719-3F5F-4DBE-901D-74790D1FA69D}"
EndProject
Project("{FAE04EC0-301F-11D3-BF4B-00C04F79EFBC}") = "DP.Vision.Algorithms.Tests", "tests\DP.Vision.Algorithms.Tests\DP.Vision.Algorithms.Tests.csproj", "{6230D9CC-1006-42FF-90B7-6044DEEF1419}"
EndProject
Project("{FAE04EC0-301F-11D3-BF4B-00C04F79EFBC}") = "DP.Vision.Onnx", "src\DP.Vision.Onnx\DP.Vision.Onnx.csproj", "{4B69F809-192D-47CC-9EB3-D9199600E597}"
EndProject
Project("{FAE04EC0-301F-11D3-BF4B-00C04F79EFBC}") = "DP.Vision.Zxing", "src\DP.Vision.Zxing\DP.Vision.Zxing.csproj", "{6AC1EFC5-98D6-4673-BBFA-78AA6C276C59}"
EndProject
Project("{FAE04EC0-301F-11D3-BF4B-00C04F79EFBC}") = "DP.Vision.OnnxDetection", "src\DP.Vision.OnnxDetection\DP.Vision.OnnxDetection.csproj", "{C119BDB9-346B-4443-9192-00995E27F6FC}"
EndProject
Project("{FAE04EC0-301F-11D3-BF4B-00C04F79EFBC}") = "DP.Vision.UI", "src\DP.Vision.UI\DP.Vision.UI.csproj", "{A9816B8B-F09B-480F-8103-A7ACBFD0C587}"
EndProject
Project("{FAE04EC0-301F-11D3-BF4B-00C04F79EFBC}") = "DP.Vision.Halcon", "src\DP.Vision.Halcon\DP.Vision.Halcon.csproj", "{4730A834-DE28-4BA9-9E39-6D2DFF4E57ED}"
EndProject
Project("{FAE04EC0-301F-11D3-BF4B-00C04F79EFBC}") = "DP.Vision.Halcon.Tests", "tests\DP.Vision.Halcon.Tests\DP.Vision.Halcon.Tests.csproj", "{78BC5328-0CAE-4D55-B488-932248EEC23E}"
EndProject
Project("{FAE04EC0-301F-11D3-BF4B-00C04F79EFBC}") = "DP.Vision.Acquisition.Abstractions", "src\DP.Vision.Acquisition.Abstractions\DP.Vision.Acquisition.Abstractions.csproj", "{720FCB24-3B90-4785-9BFF-44F8EDF0F6BC}"
EndProject
Project("{FAE04EC0-301F-11D3-BF4B-00C04F79EFBC}") = "DP.Vision.Acquisition.Tests", "tests\DP.Vision.Acquisition.Tests\DP.Vision.Acquisition.Tests.csproj", "{624F965B-9585-4D4C-B8EE-0AFBC09CA30E}"
EndProject
Project("{FAE04EC0-301F-11D3-BF4B-00C04F79EFBC}") = "DP.Vision.Acquisition.Runtime", "src\DP.Vision.Acquisition.Runtime\DP.Vision.Acquisition.Runtime.csproj", "{71A58171-6037-44E8-B892-47249FCCCBDB}"
EndProject
Global
	GlobalSection(SolutionConfigurationPlatforms) = preSolution
		Debug|Any CPU = Debug|Any CPU
		Debug|x64 = Debug|x64
		Debug|x86 = Debug|x86
		Release|Any CPU = Release|Any CPU
		Release|x64 = Release|x64
		Release|x86 = Release|x86
	EndGlobalSection
	GlobalSection(ProjectConfigurationPlatforms) = postSolution
		{E4D48F2D-15A1-45AE-827D-877DD4AD8FC5}.Debug|Any CPU.ActiveCfg = Debug|Any CPU
		{E4D48F2D-15A1-45AE-827D-877DD4AD8FC5}.Debug|Any CPU.Build.0 = Debug|Any CPU
		{E4D48F2D-15A1-45AE-827D-877DD4AD8FC5}.Debug|x64.ActiveCfg = Debug|Any CPU
		{E4D48F2D-15A1-45AE-827D-877DD4AD8FC5}.Debug|x64.Build.0 = Debug|Any CPU
		{E4D48F2D-15A1-45AE-827D-877DD4AD8FC5}.Debug|x86.ActiveCfg = Debug|Any CPU
		{E4D48F2D-15A1-45AE-827D-877DD4AD8FC5}.Debug|x86.Build.0 = Debug|Any CPU
		{E4D48F2D-15A1-45AE-827D-877DD4AD8FC5}.Release|Any CPU.ActiveCfg = Release|Any CPU
		{E4D48F2D-15A1-45AE-827D-877DD4AD8FC5}.Release|Any CPU.Build.0 = Release|Any CPU
		{E4D48F2D-15A1-45AE-827D-877DD4AD8FC5}.Release|x64.ActiveCfg = Release|Any CPU
		{E4D48F2D-15A1-45AE-827D-877DD4AD8FC5}.Release|x64.Build.0 = Release|Any CPU
		{E4D48F2D-15A1-45AE-827D-877DD4AD8FC5}.Release|x86.ActiveCfg = Release|Any CPU
		{E4D48F2D-15A1-45AE-827D-877DD4AD8FC5}.Release|x86.Build.0 = Release|Any CPU
		{63CA3BB8-B950-4831-AABC-248C8EC18D0F}.Debug|Any CPU.ActiveCfg = Debug|Any CPU
		{63CA3BB8-B950-4831-AABC-248C8EC18D0F}.Debug|Any CPU.Build.0 = Debug|Any CPU
		{63CA3BB8-B950-4831-AABC-248C8EC18D0F}.Debug|x64.ActiveCfg = Debug|Any CPU
		{63CA3BB8-B950-4831-AABC-248C8EC18D0F}.Debug|x64.Build.0 = Debug|Any CPU
		{63CA3BB8-B950-4831-AABC-248C8EC18D0F}.Debug|x86.ActiveCfg = Debug|Any CPU
		{63CA3BB8-B950-4831-AABC-248C8EC18D0F}.Debug|x86.Build.0 = Debug|Any CPU
		{63CA3BB8-B950-4831-AABC-248C8EC18D0F}.Release|Any CPU.ActiveCfg = Release|Any CPU
		{63CA3BB8-B950-4831-AABC-248C8EC18D0F}.Release|Any CPU.Build.0 = Release|Any CPU
		{63CA3BB8-B950-4831-AABC-248C8EC18D0F}.Release|x64.ActiveCfg = Release|Any CPU
		{63CA3BB8-B950-4831-AABC-248C8EC18D0F}.Release|x64.Build.0 = Release|Any CPU
		{63CA3BB8-B950-4831-AABC-248C8EC18D0F}.Release|x86.ActiveCfg = Release|Any CPU
		{63CA3BB8-B950-4831-AABC-248C8EC18D0F}.Release|x86.Build.0 = Release|Any CPU
		{135CAECF-B9B7-48EA-99F7-21AF31DCEF68}.Debug|Any CPU.ActiveCfg = Debug|Any CPU
		{135CAECF-B9B7-48EA-99F7-21AF31DCEF68}.Debug|Any CPU.Build.0 = Debug|Any CPU
		{135CAECF-B9B7-48EA-99F7-21AF31DCEF68}.Debug|x64.ActiveCfg = Debug|Any CPU
		{135CAECF-B9B7-48EA-99F7-21AF31DCEF68}.Debug|x64.Build.0 = Debug|Any CPU
		{135CAECF-B9B7-48EA-99F7-21AF31DCEF68}.Debug|x86.ActiveCfg = Debug|Any CPU
		{135CAECF-B9B7-48EA-99F7-21AF31DCEF68}.Debug|x86.Build.0 = Debug|Any CPU
		{135CAECF-B9B7-48EA-99F7-21AF31DCEF68}.Release|Any CPU.ActiveCfg = Release|Any CPU
		{135CAECF-B9B7-48EA-99F7-21AF31DCEF68}.Release|Any CPU.Build.0 = Release|Any CPU
		{135CAECF-B9B7-48EA-99F7-21AF31DCEF68}.Release|x64.ActiveCfg = Release|Any CPU
		{135CAECF-B9B7-48EA-99F7-21AF31DCEF68}.Release|x64.Build.0 = Release|Any CPU
		{135CAECF-B9B7-48EA-99F7-21AF31DCEF68}.Release|x86.ActiveCfg = Release|Any CPU
		{135CAECF-B9B7-48EA-99F7-21AF31DCEF68}.Release|x86.Build.0 = Release|Any CPU
		{2B790AE2-0359-419C-A7F5-5D8166AA44A0}.Debug|Any CPU.ActiveCfg = Debug|Any CPU
		{2B790AE2-0359-419C-A7F5-5D8166AA44A0}.Debug|Any CPU.Build.0 = Debug|Any CPU
		{2B790AE2-0359-419C-A7F5-5D8166AA44A0}.Debug|x64.ActiveCfg = Debug|Any CPU
		{2B790AE2-0359-419C-A7F5-5D8166AA44A0}.Debug|x64.Build.0 = Debug|Any CPU
		{2B790AE2-0359-419C-A7F5-5D8166AA44A0}.Debug|x86.ActiveCfg = Debug|Any CPU
		{2B790AE2-0359-419C-A7F5-5D8166AA44A0}.Debug|x86.Build.0 = Debug|Any CPU
		{2B790AE2-0359-419C-A7F5-5D8166AA44A0}.Release|Any CPU.ActiveCfg = Release|Any CPU
		{2B790AE2-0359-419C-A7F5-5D8166AA44A0}.Release|Any CPU.Build.0 = Release|Any CPU
		{2B790AE2-0359-419C-A7F5-5D8166AA44A0}.Release|x64.ActiveCfg = Release|Any CPU
		{2B790AE2-0359-419C-A7F5-5D8166AA44A0}.Release|x64.Build.0 = Release|Any CPU
		{2B790AE2-0359-419C-A7F5-5D8166AA44A0}.Release|x86.ActiveCfg = Release|Any CPU
		{2B790AE2-0359-419C-A7F5-5D8166AA44A0}.Release|x86.Build.0 = Release|Any CPU
		{FC7C9297-85CC-4947-9E97-331E3456014F}.Debug|Any CPU.ActiveCfg = Debug|Any CPU
		{FC7C9297-85CC-4947-9E97-331E3456014F}.Debug|Any CPU.Build.0 = Debug|Any CPU
		{FC7C9297-85CC-4947-9E97-331E3456014F}.Debug|x64.ActiveCfg = Debug|Any CPU
		{FC7C9297-85CC-4947-9E97-331E3456014F}.Debug|x64.Build.0 = Debug|Any CPU
		{FC7C9297-85CC-4947-9E97-331E3456014F}.Debug|x86.ActiveCfg = Debug|Any CPU
		{FC7C9297-85CC-4947-9E97-331E3456014F}.Debug|x86.Build.0 = Debug|Any CPU
		{FC7C9297-85CC-4947-9E97-331E3456014F}.Release|Any CPU.ActiveCfg = Release|Any CPU
		{FC7C9297-85CC-4947-9E97-331E3456014F}.Release|Any CPU.Build.0 = Release|Any CPU
		{FC7C9297-85CC-4947-9E97-331E3456014F}.Release|x64.ActiveCfg = Release|Any CPU
		{FC7C9297-85CC-4947-9E97-331E3456014F}.Release|x64.Build.0 = Release|Any CPU
		{FC7C9297-85CC-4947-9E97-331E3456014F}.Release|x86.ActiveCfg = Release|Any CPU
		{FC7C9297-85CC-4947-9E97-331E3456014F}.Release|x86.Build.0 = Release|Any CPU
		{1DA9D0AE-C08B-4FFC-9D7F-40AE285789C6}.Debug|Any CPU.ActiveCfg = Debug|Any CPU
		{1DA9D0AE-C08B-4FFC-9D7F-40AE285789C6}.Debug|Any CPU.Build.0 = Debug|Any CPU
		{1DA9D0AE-C08B-4FFC-9D7F-40AE285789C6}.Debug|x64.ActiveCfg = Debug|Any CPU
		{1DA9D0AE-C08B-4FFC-9D7F-40AE285789C6}.Debug|x64.Build.0 = Debug|Any CPU
		{1DA9D0AE-C08B-4FFC-9D7F-40AE285789C6}.Debug|x86.ActiveCfg = Debug|Any CPU
		{1DA9D0AE-C08B-4FFC-9D7F-40AE285789C6}.Debug|x86.Build.0 = Debug|Any CPU
		{1DA9D0AE-C08B-4FFC-9D7F-40AE285789C6}.Release|Any CPU.ActiveCfg = Release|Any CPU
		{1DA9D0AE-C08B-4FFC-9D7F-40AE285789C6}.Release|Any CPU.Build.0 = Release|Any CPU
		{1DA9D0AE-C08B-4FFC-9D7F-40AE285789C6}.Release|x64.ActiveCfg = Release|Any CPU
		{1DA9D0AE-C08B-4FFC-9D7F-40AE285789C6}.Release|x64.Build.0 = Release|Any CPU
		{1DA9D0AE-C08B-4FFC-9D7F-40AE285789C6}.Release|x86.ActiveCfg = Release|Any CPU
		{1DA9D0AE-C08B-4FFC-9D7F-40AE285789C6}.Release|x86.Build.0 = Release|Any CPU
		{5EEA514D-6D58-40DC-9150-3AF5E01E4DC6}.Debug|Any CPU.ActiveCfg = Debug|Any CPU
		{5EEA514D-6D58-40DC-9150-3AF5E01E4DC6}.Debug|Any CPU.Build.0 = Debug|Any CPU
		{5EEA514D-6D58-40DC-9150-3AF5E01E4DC6}.Debug|x64.ActiveCfg = Debug|Any CPU
		{5EEA514D-6D58-40DC-9150-3AF5E01E4DC6}.Debug|x64.Build.0 = Debug|Any CPU
		{5EEA514D-6D58-40DC-9150-3AF5E01E4DC6}.Debug|x86.ActiveCfg = Debug|Any CPU
		{5EEA514D-6D58-40DC-9150-3AF5E01E4DC6}.Debug|x86.Build.0 = Debug|Any CPU
		{5EEA514D-6D58-40DC-9150-3AF5E01E4DC6}.Release|Any CPU.ActiveCfg = Release|Any CPU
		{5EEA514D-6D58-40DC-9150-3AF5E01E4DC6}.Release|Any CPU.Build.0 = Release|Any CPU
		{5EEA514D-6D58-40DC-9150-3AF5E01E4DC6}.Release|x64.ActiveCfg = Release|Any CPU
		{5EEA514D-6D58-40DC-9150-3AF5E01E4DC6}.Release|x64.Build.0 = Release|Any CPU
		{5EEA514D-6D58-40DC-9150-3AF5E01E4DC6}.Release|x86.ActiveCfg = Release|Any CPU
		{5EEA514D-6D58-40DC-9150-3AF5E01E4DC6}.Release|x86.Build.0 = Release|Any CPU
		{9F2DB719-3F5F-4DBE-901D-74790D1FA69D}.Debug|Any CPU.ActiveCfg = Debug|Any CPU
		{9F2DB719-3F5F-4DBE-901D-74790D1FA69D}.Debug|Any CPU.Build.0 = Debug|Any CPU
		{9F2DB719-3F5F-4DBE-901D-74790D1FA69D}.Debug|x64.ActiveCfg = Debug|Any CPU
		{9F2DB719-3F5F-4DBE-901D-74790D1FA69D}.Debug|x64.Build.0 = Debug|Any CPU
		{9F2DB719-3F5F-4DBE-901D-74790D1FA69D}.Debug|x86.ActiveCfg = Debug|Any CPU
		{9F2DB719-3F5F-4DBE-901D-74790D1FA69D}.Debug|x86.Build.0 = Debug|Any CPU
		{9F2DB719-3F5F-4DBE-901D-74790D1FA69D}.Release|Any CPU.ActiveCfg = Release|Any CPU
		{9F2DB719-3F5F-4DBE-901D-74790D1FA69D}.Release|Any CPU.Build.0 = Release|Any CPU
		{9F2DB719-3F5F-4DBE-901D-74790D1FA69D}.Release|x64.ActiveCfg = Release|Any CPU
		{9F2DB719-3F5F-4DBE-901D-74790D1FA69D}.Release|x64.Build.0 = Release|Any CPU
		{9F2DB719-3F5F-4DBE-901D-74790D1FA69D}.Release|x86.ActiveCfg = Release|Any CPU
		{9F2DB719-3F5F-4DBE-901D-74790D1FA69D}.Release|x86.Build.0 = Release|Any CPU
		{6230D9CC-1006-42FF-90B7-6044DEEF1419}.Debug|Any CPU.ActiveCfg = Debug|Any CPU
		{6230D9CC-1006-42FF-90B7-6044DEEF1419}.Debug|Any CPU.Build.0 = Debug|Any CPU
		{6230D9CC-1006-42FF-90B7-6044DEEF1419}.Debug|x64.ActiveCfg = Debug|Any CPU
		{6230D9CC-1006-42FF-90B7-6044DEEF1419}.Debug|x64.Build.0 = Debug|Any CPU
		{6230D9CC-1006-42FF-90B7-6044DEEF1419}.Debug|x86.ActiveCfg = Debug|Any CPU
		{6230D9CC-1006-42FF-90B7-6044DEEF1419}.Debug|x86.Build.0 = Debug|Any CPU
		{6230D9CC-1006-42FF-90B7-6044DEEF1419}.Release|Any CPU.ActiveCfg = Release|Any CPU
		{6230D9CC-1006-42FF-90B7-6044DEEF1419}.Release|Any CPU.Build.0 = Release|Any CPU
		{6230D9CC-1006-42FF-90B7-6044DEEF1419}.Release|x64.ActiveCfg = Release|Any CPU
		{6230D9CC-1006-42FF-90B7-6044DEEF1419}.Release|x64.Build.0 = Release|Any CPU
		{6230D9CC-1006-42FF-90B7-6044DEEF1419}.Release|x86.ActiveCfg = Release|Any CPU
		{6230D9CC-1006-42FF-90B7-6044DEEF1419}.Release|x86.Build.0 = Release|Any CPU
		{4B69F809-192D-47CC-9EB3-D9199600E597}.Debug|Any CPU.ActiveCfg = Debug|Any CPU
		{4B69F809-192D-47CC-9EB3-D9199600E597}.Debug|Any CPU.Build.0 = Debug|Any CPU
		{4B69F809-192D-47CC-9EB3-D9199600E597}.Debug|x64.ActiveCfg = Debug|Any CPU
		{4B69F809-192D-47CC-9EB3-D9199600E597}.Debug|x64.Build.0 = Debug|Any CPU
		{4B69F809-192D-47CC-9EB3-D9199600E597}.Debug|x86.ActiveCfg = Debug|Any CPU
		{4B69F809-192D-47CC-9EB3-D9199600E597}.Debug|x86.Build.0 = Debug|Any CPU
		{4B69F809-192D-47CC-9EB3-D9199600E597}.Release|Any CPU.ActiveCfg = Release|Any CPU
		{4B69F809-192D-47CC-9EB3-D9199600E597}.Release|Any CPU.Build.0 = Release|Any CPU
		{4B69F809-192D-47CC-9EB3-D9199600E597}.Release|x64.ActiveCfg = Release|Any CPU
		{4B69F809-192D-47CC-9EB3-D9199600E597}.Release|x64.Build.0 = Release|Any CPU
		{4B69F809-192D-47CC-9EB3-D9199600E597}.Release|x86.ActiveCfg = Release|Any CPU
		{4B69F809-192D-47CC-9EB3-D9199600E597}.Release|x86.Build.0 = Release|Any CPU
		{6AC1EFC5-98D6-4673-BBFA-78AA6C276C59}.Debug|Any CPU.ActiveCfg = Debug|Any CPU
		{6AC1EFC5-98D6-4673-BBFA-78AA6C276C59}.Debug|Any CPU.Build.0 = Debug|Any CPU
		{6AC1EFC5-98D6-4673-BBFA-78AA6C276C59}.Debug|x64.ActiveCfg = Debug|Any CPU
		{6AC1EFC5-98D6-4673-BBFA-78AA6C276C59}.Debug|x64.Build.0 = Debug|Any CPU
		{6AC1EFC5-98D6-4673-BBFA-78AA6C276C59}.Debug|x86.ActiveCfg = Debug|Any CPU
		{6AC1EFC5-98D6-4673-BBFA-78AA6C276C59}.Debug|x86.Build.0 = Debug|Any CPU
		{6AC1EFC5-98D6-4673-BBFA-78AA6C276C59}.Release|Any CPU.ActiveCfg = Release|Any CPU
		{6AC1EFC5-98D6-4673-BBFA-78AA6C276C59}.Release|Any CPU.Build.0 = Release|Any CPU
		{6AC1EFC5-98D6-4673-BBFA-78AA6C276C59}.Release|x64.ActiveCfg = Release|Any CPU
		{6AC1EFC5-98D6-4673-BBFA-78AA6C276C59}.Release|x64.Build.0 = Release|Any CPU
		{6AC1EFC5-98D6-4673-BBFA-78AA6C276C59}.Release|x86.ActiveCfg = Release|Any CPU
		{6AC1EFC5-98D6-4673-BBFA-78AA6C276C59}.Release|x86.Build.0 = Release|Any CPU
		{C119BDB9-346B-4443-9192-00995E27F6FC}.Debug|Any CPU.ActiveCfg = Debug|Any CPU
		{C119BDB9-346B-4443-9192-00995E27F6FC}.Debug|Any CPU.Build.0 = Debug|Any CPU
		{C119BDB9-346B-4443-9192-00995E27F6FC}.Debug|x64.ActiveCfg = Debug|Any CPU
		{C119BDB9-346B-4443-9192-00995E27F6FC}.Debug|x64.Build.0 = Debug|Any CPU
		{C119BDB9-346B-4443-9192-00995E27F6FC}.Debug|x86.ActiveCfg = Debug|Any CPU
		{C119BDB9-346B-4443-9192-00995E27F6FC}.Debug|x86.Build.0 = Debug|Any CPU
		{C119BDB9-346B-4443-9192-00995E27F6FC}.Release|Any CPU.ActiveCfg = Release|Any CPU
		{C119BDB9-346B-4443-9192-00995E27F6FC}.Release|Any CPU.Build.0 = Release|Any CPU
		{C119BDB9-346B-4443-9192-00995E27F6FC}.Release|x64.ActiveCfg = Release|Any CPU
		{C119BDB9-346B-4443-9192-00995E27F6FC}.Release|x64.Build.0 = Release|Any CPU
		{C119BDB9-346B-4443-9192-00995E27F6FC}.Release|x86.ActiveCfg = Release|Any CPU
		{C119BDB9-346B-4443-9192-00995E27F6FC}.Release|x86.Build.0 = Release|Any CPU
		{A9816B8B-F09B-480F-8103-A7ACBFD0C587}.Debug|Any CPU.ActiveCfg = Debug|Any CPU
		{A9816B8B-F09B-480F-8103-A7ACBFD0C587}.Debug|Any CPU.Build.0 = Debug|Any CPU
		{A9816B8B-F09B-480F-8103-A7ACBFD0C587}.Debug|x64.ActiveCfg = Debug|Any CPU
		{A9816B8B-F09B-480F-8103-A7ACBFD0C587}.Debug|x64.Build.0 = Debug|Any CPU
		{A9816B8B-F09B-480F-8103-A7ACBFD0C587}.Debug|x86.ActiveCfg = Debug|Any CPU
		{A9816B8B-F09B-480F-8103-A7ACBFD0C587}.Debug|x86.Build.0 = Debug|Any CPU
		{A9816B8B-F09B-480F-8103-A7ACBFD0C587}.Release|Any CPU.ActiveCfg = Release|Any CPU
		{A9816B8B-F09B-480F-8103-A7ACBFD0C587}.Release|Any CPU.Build.0 = Release|Any CPU
		{A9816B8B-F09B-480F-8103-A7ACBFD0C587}.Release|x64.ActiveCfg = Release|Any CPU
		{A9816B8B-F09B-480F-8103-A7ACBFD0C587}.Release|x64.Build.0 = Release|Any CPU
		{A9816B8B-F09B-480F-8103-A7ACBFD0C587}.Release|x86.ActiveCfg = Release|Any CPU
		{A9816B8B-F09B-480F-8103-A7ACBFD0C587}.Release|x86.Build.0 = Release|Any CPU
		{4730A834-DE28-4BA9-9E39-6D2DFF4E57ED}.Debug|Any CPU.ActiveCfg = Debug|Any CPU
		{4730A834-DE28-4BA9-9E39-6D2DFF4E57ED}.Debug|Any CPU.Build.0 = Debug|Any CPU
		{4730A834-DE28-4BA9-9E39-6D2DFF4E57ED}.Debug|x64.ActiveCfg = Debug|Any CPU
		{4730A834-DE28-4BA9-9E39-6D2DFF4E57ED}.Debug|x64.Build.0 = Debug|Any CPU
		{4730A834-DE28-4BA9-9E39-6D2DFF4E57ED}.Debug|x86.ActiveCfg = Debug|Any CPU
		{4730A834-DE28-4BA9-9E39-6D2DFF4E57ED}.Debug|x86.Build.0 = Debug|Any CPU
		{4730A834-DE28-4BA9-9E39-6D2DFF4E57ED}.Release|Any CPU.ActiveCfg = Release|Any CPU
		{4730A834-DE28-4BA9-9E39-6D2DFF4E57ED}.Release|Any CPU.Build.0 = Release|Any CPU
		{4730A834-DE28-4BA9-9E39-6D2DFF4E57ED}.Release|x64.ActiveCfg = Release|Any CPU
		{4730A834-DE28-4BA9-9E39-6D2DFF4E57ED}.Release|x64.Build.0 = Release|Any CPU
		{4730A834-DE28-4BA9-9E39-6D2DFF4E57ED}.Release|x86.ActiveCfg = Release|Any CPU
		{4730A834-DE28-4BA9-9E39-6D2DFF4E57ED}.Release|x86.Build.0 = Release|Any CPU
		{78BC5328-0CAE-4D55-B488-932248EEC23E}.Debug|Any CPU.ActiveCfg = Debug|Any CPU
		{78BC5328-0CAE-4D55-B488-932248EEC23E}.Debug|Any CPU.Build.0 = Debug|Any CPU
		{78BC5328-0CAE-4D55-B488-932248EEC23E}.Debug|x64.ActiveCfg = Debug|Any CPU
		{78BC5328-0CAE-4D55-B488-932248EEC23E}.Debug|x64.Build.0 = Debug|Any CPU
		{78BC5328-0CAE-4D55-B488-932248EEC23E}.Debug|x86.ActiveCfg = Debug|Any CPU
		{78BC5328-0CAE-4D55-B488-932248EEC23E}.Debug|x86.Build.0 = Debug|Any CPU
		{78BC5328-0CAE-4D55-B488-932248EEC23E}.Release|Any CPU.ActiveCfg = Release|Any CPU
		{78BC5328-0CAE-4D55-B488-932248EEC23E}.Release|Any CPU.Build.0 = Release|Any CPU
		{78BC5328-0CAE-4D55-B488-932248EEC23E}.Release|x64.ActiveCfg = Release|Any CPU
		{78BC5328-0CAE-4D55-B488-932248EEC23E}.Release|x64.Build.0 = Release|Any CPU
		{78BC5328-0CAE-4D55-B488-932248EEC23E}.Release|x86.ActiveCfg = Release|Any CPU
		{78BC5328-0CAE-4D55-B488-932248EEC23E}.Release|x86.Build.0 = Release|Any CPU
		{720FCB24-3B90-4785-9BFF-44F8EDF0F6BC}.Debug|Any CPU.ActiveCfg = Debug|Any CPU
		{720FCB24-3B90-4785-9BFF-44F8EDF0F6BC}.Debug|Any CPU.Build.0 = Debug|Any CPU
		{720FCB24-3B90-4785-9BFF-44F8EDF0F6BC}.Debug|x64.ActiveCfg = Debug|Any CPU
		{720FCB24-3B90-4785-9BFF-44F8EDF0F6BC}.Debug|x64.Build.0 = Debug|Any CPU
		{720FCB24-3B90-4785-9BFF-44F8EDF0F6BC}.Debug|x86.ActiveCfg = Debug|Any CPU
		{720FCB24-3B90-4785-9BFF-44F8EDF0F6BC}.Debug|x86.Build.0 = Debug|Any CPU
		{720FCB24-3B90-4785-9BFF-44F8EDF0F6BC}.Release|Any CPU.ActiveCfg = Release|Any CPU
		{720FCB24-3B90-4785-9BFF-44F8EDF0F6BC}.Release|Any CPU.Build.0 = Release|Any CPU
		{720FCB24-3B90-4785-9BFF-44F8EDF0F6BC}.Release|x64.ActiveCfg = Release|Any CPU
		{720FCB24-3B90-4785-9BFF-44F8EDF0F6BC}.Release|x64.Build.0 = Release|Any CPU
		{720FCB24-3B90-4785-9BFF-44F8EDF0F6BC}.Release|x86.ActiveCfg = Release|Any CPU
		{720FCB24-3B90-4785-9BFF-44F8EDF0F6BC}.Release|x86.Build.0 = Release|Any CPU
		{624F965B-9585-4D4C-B8EE-0AFBC09CA30E}.Debug|Any CPU.ActiveCfg = Debug|Any CPU
		{624F965B-9585-4D4C-B8EE-0AFBC09CA30E}.Debug|Any CPU.Build.0 = Debug|Any CPU
		{624F965B-9585-4D4C-B8EE-0AFBC09CA30E}.Debug|x64.ActiveCfg = Debug|Any CPU
		{624F965B-9585-4D4C-B8EE-0AFBC09CA30E}.Debug|x64.Build.0 = Debug|Any CPU
		{624F965B-9585-4D4C-B8EE-0AFBC09CA30E}.Debug|x86.ActiveCfg = Debug|Any CPU
		{624F965B-9585-4D4C-B8EE-0AFBC09CA30E}.Debug|x86.Build.0 = Debug|Any CPU
		{624F965B-9585-4D4C-B8EE-0AFBC09CA30E}.Release|Any CPU.ActiveCfg = Release|Any CPU
		{624F965B-9585-4D4C-B8EE-0AFBC09CA30E}.Release|Any CPU.Build.0 = Release|Any CPU
		{624F965B-9585-4D4C-B8EE-0AFBC09CA30E}.Release|x64.ActiveCfg = Release|Any CPU
		{624F965B-9585-4D4C-B8EE-0AFBC09CA30E}.Release|x64.Build.0 = Release|Any CPU
		{624F965B-9585-4D4C-B8EE-0AFBC09CA30E}.Release|x86.ActiveCfg = Release|Any CPU
		{624F965B-9585-4D4C-B8EE-0AFBC09CA30E}.Release|x86.Build.0 = Release|Any CPU
		{71A58171-6037-44E8-B892-47249FCCCBDB}.Debug|Any CPU.ActiveCfg = Debug|Any CPU
		{71A58171-6037-44E8-B892-47249FCCCBDB}.Debug|Any CPU.Build.0 = Debug|Any CPU
		{71A58171-6037-44E8-B892-47249FCCCBDB}.Debug|x64.ActiveCfg = Debug|Any CPU
		{71A58171-6037-44E8-B892-47249FCCCBDB}.Debug|x64.Build.0 = Debug|Any CPU
		{71A58171-6037-44E8-B892-47249FCCCBDB}.Debug|x86.ActiveCfg = Debug|Any CPU
		{71A58171-6037-44E8-B892-47249FCCCBDB}.Debug|x86.Build.0 = Debug|Any CPU
		{71A58171-6037-44E8-B892-47249FCCCBDB}.Release|Any CPU.ActiveCfg = Release|Any CPU
		{71A58171-6037-44E8-B892-47249FCCCBDB}.Release|Any CPU.Build.0 = Release|Any CPU
		{71A58171-6037-44E8-B892-47249FCCCBDB}.Release|x64.ActiveCfg = Release|Any CPU
		{71A58171-6037-44E8-B892-47249FCCCBDB}.Release|x64.Build.0 = Release|Any CPU
		{71A58171-6037-44E8-B892-47249FCCCBDB}.Release|x86.ActiveCfg = Release|Any CPU
		{71A58171-6037-44E8-B892-47249FCCCBDB}.Release|x86.Build.0 = Release|Any CPU
	EndGlobalSection
	GlobalSection(SolutionProperties) = preSolution
		HideSolutionNode = FALSE
	EndGlobalSection
	GlobalSection(NestedProjects) = preSolution
		{E4D48F2D-15A1-45AE-827D-877DD4AD8FC5} = {827E0CD3-B72D-47B6-A68D-7590B98EB39B}
		{63CA3BB8-B950-4831-AABC-248C8EC18D0F} = {827E0CD3-B72D-47B6-A68D-7590B98EB39B}
		{135CAECF-B9B7-48EA-99F7-21AF31DCEF68} = {827E0CD3-B72D-47B6-A68D-7590B98EB39B}
		{2B790AE2-0359-419C-A7F5-5D8166AA44A0} = {0AB3BF05-4346-4AA6-1389-037BE0695223}
		{FC7C9297-85CC-4947-9E97-331E3456014F} = {07C2787E-EAC7-C090-1BA3-A61EC2A24D84}
		{1DA9D0AE-C08B-4FFC-9D7F-40AE285789C6} = {5D20AA90-6969-D8BD-9DCD-8634F4692FDA}
		{5EEA514D-6D58-40DC-9150-3AF5E01E4DC6} = {827E0CD3-B72D-47B6-A68D-7590B98EB39B}
		{9F2DB719-3F5F-4DBE-901D-74790D1FA69D} = {827E0CD3-B72D-47B6-A68D-7590B98EB39B}
		{6230D9CC-1006-42FF-90B7-6044DEEF1419} = {0AB3BF05-4346-4AA6-1389-037BE0695223}
		{4B69F809-192D-47CC-9EB3-D9199600E597} = {827E0CD3-B72D-47B6-A68D-7590B98EB39B}
		{6AC1EFC5-98D6-4673-BBFA-78AA6C276C59} = {827E0CD3-B72D-47B6-A68D-7590B98EB39B}
		{C119BDB9-346B-4443-9192-00995E27F6FC} = {827E0CD3-B72D-47B6-A68D-7590B98EB39B}
		{A9816B8B-F09B-480F-8103-A7ACBFD0C587} = {827E0CD3-B72D-47B6-A68D-7590B98EB39B}
		{4730A834-DE28-4BA9-9E39-6D2DFF4E57ED} = {827E0CD3-B72D-47B6-A68D-7590B98EB39B}
		{78BC5328-0CAE-4D55-B488-932248EEC23E} = {0AB3BF05-4346-4AA6-1389-037BE0695223}
		{720FCB24-3B90-4785-9BFF-44F8EDF0F6BC} = {827E0CD3-B72D-47B6-A68D-7590B98EB39B}
		{624F965B-9585-4D4C-B8EE-0AFBC09CA30E} = {0AB3BF05-4346-4AA6-1389-037BE0695223}
		{71A58171-6037-44E8-B892-47249FCCCBDB} = {827E0CD3-B72D-47B6-A68D-7590B98EB39B}
	EndGlobalSection
EndGlobal
